
Microsoft Visual Studio Solution File, Format Version 12.00
# Visual Studio Version 16
VisualStudioVersion = 16.0.33214.272
MinimumVisualStudioVersion = 10.0.40219.1
Project("{8BC9CEB8-8B4A-11D0-8D11-00A0C91BC942}") = "Recursion_005-NestedRecursion", "Recursion_005-NestedRecursion\Recursion_005-NestedRecursion.vcxproj", "{14B28D0A-F207-4DEC-815A-EC6FF2809E8C}"
EndProject
Global
	GlobalSection(SolutionConfigurationPlatforms) = preSolution
		Debug|x64 = Debug|x64
		Debug|x86 = Debug|x86
		Release|x64 = Release|x64
		Release|x86 = Release|x86
	EndGlobalSection
	GlobalSection(ProjectConfigurationPlatforms) = postSolution
		{14B28D0A-F207-4DEC-815A-EC6FF2809E8C}.Debug|x64.ActiveCfg = Debug|x64
		{14B28D0A-F207-4DEC-815A-EC6FF2809E8C}.Debug|x64.Build.0 = Debug|x64
		{14B28D0A-F207-4DEC-815A-EC6FF2809E8C}.Debug|x86.ActiveCfg = Debug|Win32
		{14B28D0A-F207-4DEC-815A-EC6FF2809E8C}.Debug|x86.Build.0 = Debug|Win32
		{14B28D0A-F207-4DEC-815A-EC6FF2809E8C}.Release|x64.ActiveCfg = Release|x64
		{14B28D0A-F207-4DEC-815A-EC6FF2809E8C}.Release|x64.Build.0 = Release|x64
		{14B28D0A-F207-4DEC-815A-EC6FF2809E8C}.Release|x86.ActiveCfg = Release|Win32
		{14B28D0A-F207-4DEC-815A-EC6FF2809E8C}.Release|x86.Build.0 = Release|Win32
	EndGlobalSection
	GlobalSection(SolutionProperties) = preSolution
		HideSolutionNode = FALSE
	EndGlobalSection
	GlobalSection(ExtensibilityGlobals) = postSolution
		SolutionGuid = {DEC683F5-0C17-4F41-A673-62110FC131C9}
	EndGlobalSection
EndGlobal
